
Microsoft Visual Studio Solution File, Format Version 12.00
# Visual Studio Version 16
VisualStudioVersion = 16.0.31729.503
MinimumVisualStudioVersion = 10.0.40219.1
Project("{FAE04EC0-301F-11D3-BF4B-00C04F79EFBC}") = "CarStoreApp", "CarStoreApp.csproj", "{0C695978-101C-4601-860A-178B7008F6B8}"
EndProject
Global
	GlobalSection(SolutionConfigurationPlatforms) = preSolution
		Debug|Any CPU = Debug|Any CPU
		Release|Any CPU = Release|Any CPU
	EndGlobalSection
	GlobalSection(ProjectConfigurationPlatforms) = postSolution
		{0C695978-101C-4601-860A-178B7008F6B8}.Debug|Any CPU.ActiveCfg = Debug|Any CPU
		{0C695978-101C-4601-860A-178B7008F6B8}.Debug|Any CPU.Build.0 = Debug|Any CPU
		{0C695978-101C-4601-860A-178B7008F6B8}.Release|Any CPU.ActiveCfg = Release|Any CPU
		{0C695978-101C-4601-860A-178B7008F6B8}.Release|Any CPU.Build.0 = Release|Any CPU
	EndGlobalSection
	GlobalSection(SolutionProperties) = preSolution
		HideSolutionNode = FALSE
	EndGlobalSection
	GlobalSection(ExtensibilityGlobals) = postSolution
		SolutionGuid = {6F912397-D53B-4C60-9A1B-F9B56387B9D3}
	EndGlobalSection
EndGlobal
